
Microsoft Visual Studio Solution File, Format Version 12.00
# Visual Studio Version 17
VisualStudioVersion = 17.12.35707.178
MinimumVisualStudioVersion = 10.0.40219.1
Project("{FAE04EC0-301F-11D3-BF4B-00C04F79EFBC}") = "DigitalWindexUI", "DigitalWindex\DigitalWindexUI.csproj", "{6B2A8F24-4B44-4378-95BC-4F94729DA8B2}"
EndProject
Project("{2150E333-8FDC-42A3-9474-1A3956D46DE8}") = "Backend", "Backend", "{9934C4D8-B584-408C-BCA7-204BC851F823}"
	ProjectSection(SolutionItems) = preProject
		SFC_DISM.cs = SFC_DISM.cs
		DigitalWindex\SystemDiagnostics.cs = DigitalWindex\SystemDiagnostics.cs
		DigitalWindex\TempFilesControl.cs = DigitalWindex\TempFilesControl.cs
		DigitalWindex\WindowsRecoveryLauncher.cs = DigitalWindex\WindowsRecoveryLauncher.cs
	EndProjectSection
EndProject
Project("{2150E333-8FDC-42A3-9474-1A3956D46DE8}") = "Frontend", "Frontend", "{CFACD336-87FB-4682-802F-04298007E8CB}"
	ProjectSection(SolutionItems) = preProject
		DigitalWindex\CleanCorruptionForm.cs = DigitalWindex\CleanCorruptionForm.cs
		DigitalWindex\CleanCorruptionForm.Designer.cs = DigitalWindex\CleanCorruptionForm.Designer.cs
		DigitalWindex\Form1.cs = DigitalWindex\Form1.cs
		DigitalWindex\Form1.Designer.cs = DigitalWindex\Form1.Designer.cs
		DigitalWindex\Form1.resx = DigitalWindex\Form1.resx
	EndProjectSection
EndProject
Project("{2150E333-8FDC-42A3-9474-1A3956D46DE8}") = "Solution Items", "Solution Items", "{B74F4E9F-21BE-4007-88D4-D6D245AD69FC}"
	ProjectSection(SolutionItems) = preProject
		.gitignore = .gitignore
		DiagnosticsControl.cs = DiagnosticsControl.cs
	EndProjectSection
EndProject
Project("{FAE04EC0-301F-11D3-BF4B-00C04F79EFBC}") = "DigitalWindexUI.Tests", "DigitalWindexUI.Tests\DigitalWindexUI.Tests.csproj", "{349D740A-A0FF-482F-9CBF-8202E424A3B8}"
EndProject
Global
	GlobalSection(SolutionConfigurationPlatforms) = preSolution
		Debug|Any CPU = Debug|Any CPU
		Release|Any CPU = Release|Any CPU
	EndGlobalSection
	GlobalSection(ProjectConfigurationPlatforms) = postSolution
		{6B2A8F24-4B44-4378-95BC-4F94729DA8B2}.Debug|Any CPU.ActiveCfg = Debug|Any CPU
		{6B2A8F24-4B44-4378-95BC-4F94729DA8B2}.Debug|Any CPU.Build.0 = Debug|Any CPU
		{6B2A8F24-4B44-4378-95BC-4F94729DA8B2}.Release|Any CPU.ActiveCfg = Release|Any CPU
		{6B2A8F24-4B44-4378-95BC-4F94729DA8B2}.Release|Any CPU.Build.0 = Release|Any CPU
		{349D740A-A0FF-482F-9CBF-8202E424A3B8}.Debug|Any CPU.ActiveCfg = Debug|Any CPU
		{349D740A-A0FF-482F-9CBF-8202E424A3B8}.Debug|Any CPU.Build.0 = Debug|Any CPU
		{349D740A-A0FF-482F-9CBF-8202E424A3B8}.Release|Any CPU.ActiveCfg = Release|Any CPU
		{349D740A-A0FF-482F-9CBF-8202E424A3B8}.Release|Any CPU.Build.0 = Release|Any CPU
	EndGlobalSection
	GlobalSection(SolutionProperties) = preSolution
		HideSolutionNode = FALSE
	EndGlobalSection
	GlobalSection(ExtensibilityGlobals) = postSolution
		SolutionGuid = {20F4F245-ACB3-4545-B9B8-83ADAFBDF83C}
	EndGlobalSection
EndGlobal
